
Microsoft Visual Studio Solution File, Format Version 11.00
# Visual Studio 2010
Project("{FAE04EC0-301F-11D3-BF4B-00C04F79EFBC}") = "DETEKSI BUAH KOPI", "DETEKSI BUAH KOPI.csproj", "{A760CFC6-1FF7-44F6-8A4F-91E8CE62EB28}"
EndProject
Global
	GlobalSection(SolutionConfigurationPlatforms) = preSolution
		Debug|x86 = Debug|x86
		Release|x86 = Release|x86
	EndGlobalSection
	GlobalSection(ProjectConfigurationPlatforms) = postSolution
		{A760CFC6-1FF7-44F6-8A4F-91E8CE62EB28}.Debug|x86.ActiveCfg = Debug|x86
		{A760CFC6-1FF7-44F6-8A4F-91E8CE62EB28}.Debug|x86.Build.0 = Debug|x86
		{A760CFC6-1FF7-44F6-8A4F-91E8CE62EB28}.Release|x86.ActiveCfg = Release|x86
		{A760CFC6-1FF7-44F6-8A4F-91E8CE62EB28}.Release|x86.Build.0 = Release|x86
	EndGlobalSection
	GlobalSection(SolutionProperties) = preSolution
		HideSolutionNode = FALSE
	EndGlobalSection
EndGlobal
